
Microsoft Visual Studio Solution File, Format Version 12.00
# Visual Studio Version 16
VisualStudioVersion = 16.0.28729.10
MinimumVisualStudioVersion = 10.0.40219.1
Project("{2150E333-8FDC-42A3-9474-1A3956D46DE8}") = "DATA", "DATA", "{0A732D5B-A769-49BF-AF94-22705689A01B}"
EndProject
Project("{FAE04EC0-301F-11D3-BF4B-00C04F79EFBC}") = "CAT_UNITOFWORK", "CAT_UNITOFWORK\CAT_UNITOFWORK.csproj", "{F5730870-D180-4156-8A89-5DE098CE94A8}"
EndProject
Project("{FAE04EC0-301F-11D3-BF4B-00C04F79EFBC}") = "CAT_ACCESO", "CAT_ACCESO\CAT_ACCESO.csproj", "{1BC55D3F-E35A-4CD9-A3FA-ED4C2232D71A}"
EndProject
Project("{FAE04EC0-301F-11D3-BF4B-00C04F79EFBC}") = "CAT_MODELOS", "CAT_MODELOS\CAT_MODELOS.csproj", "{0F167430-CF76-4D0E-99A1-AEA3374D71F3}"
EndProject
Project("{FAE04EC0-301F-11D3-BF4B-00C04F79EFBC}") = "CAT_REPOSITORIO", "CAT_REPOSITORIO\CAT_REPOSITORIO.csproj", "{6D66FC0C-4A55-4ABC-AB7B-45A3B54171A7}"
EndProject
Project("{2150E333-8FDC-42A3-9474-1A3956D46DE8}") = "WEB", "WEB", "{1131819F-A1D0-42A3-AF34-67E09287F140}"
EndProject
Project("{FAE04EC0-301F-11D3-BF4B-00C04F79EFBC}") = "CAT_API", "CAT_API\CAT_API.csproj", "{A6700A3D-2FD3-4E24-94FD-788768FF2FBA}"
EndProject
Global
	GlobalSection(SolutionConfigurationPlatforms) = preSolution
		Debug|Any CPU = Debug|Any CPU
		Release|Any CPU = Release|Any CPU
	EndGlobalSection
	GlobalSection(ProjectConfigurationPlatforms) = postSolution
		{F5730870-D180-4156-8A89-5DE098CE94A8}.Debug|Any CPU.ActiveCfg = Debug|Any CPU
		{F5730870-D180-4156-8A89-5DE098CE94A8}.Debug|Any CPU.Build.0 = Debug|Any CPU
		{F5730870-D180-4156-8A89-5DE098CE94A8}.Release|Any CPU.ActiveCfg = Release|Any CPU
		{F5730870-D180-4156-8A89-5DE098CE94A8}.Release|Any CPU.Build.0 = Release|Any CPU
		{1BC55D3F-E35A-4CD9-A3FA-ED4C2232D71A}.Debug|Any CPU.ActiveCfg = Debug|Any CPU
		{1BC55D3F-E35A-4CD9-A3FA-ED4C2232D71A}.Debug|Any CPU.Build.0 = Debug|Any CPU
		{1BC55D3F-E35A-4CD9-A3FA-ED4C2232D71A}.Release|Any CPU.ActiveCfg = Release|Any CPU
		{1BC55D3F-E35A-4CD9-A3FA-ED4C2232D71A}.Release|Any CPU.Build.0 = Release|Any CPU
		{0F167430-CF76-4D0E-99A1-AEA3374D71F3}.Debug|Any CPU.ActiveCfg = Debug|Any CPU
		{0F167430-CF76-4D0E-99A1-AEA3374D71F3}.Debug|Any CPU.Build.0 = Debug|Any CPU
		{0F167430-CF76-4D0E-99A1-AEA3374D71F3}.Release|Any CPU.ActiveCfg = Release|Any CPU
		{0F167430-CF76-4D0E-99A1-AEA3374D71F3}.Release|Any CPU.Build.0 = Release|Any CPU
		{6D66FC0C-4A55-4ABC-AB7B-45A3B54171A7}.Debug|Any CPU.ActiveCfg = Debug|Any CPU
		{6D66FC0C-4A55-4ABC-AB7B-45A3B54171A7}.Debug|Any CPU.Build.0 = Debug|Any CPU
		{6D66FC0C-4A55-4ABC-AB7B-45A3B54171A7}.Release|Any CPU.ActiveCfg = Release|Any CPU
		{6D66FC0C-4A55-4ABC-AB7B-45A3B54171A7}.Release|Any CPU.Build.0 = Release|Any CPU
		{A6700A3D-2FD3-4E24-94FD-788768FF2FBA}.Debug|Any CPU.ActiveCfg = Debug|Any CPU
		{A6700A3D-2FD3-4E24-94FD-788768FF2FBA}.Debug|Any CPU.Build.0 = Debug|Any CPU
		{A6700A3D-2FD3-4E24-94FD-788768FF2FBA}.Release|Any CPU.ActiveCfg = Release|Any CPU
		{A6700A3D-2FD3-4E24-94FD-788768FF2FBA}.Release|Any CPU.Build.0 = Release|Any CPU
	EndGlobalSection
	GlobalSection(SolutionProperties) = preSolution
		HideSolutionNode = FALSE
	EndGlobalSection
	GlobalSection(NestedProjects) = preSolution
		{F5730870-D180-4156-8A89-5DE098CE94A8} = {0A732D5B-A769-49BF-AF94-22705689A01B}
		{1BC55D3F-E35A-4CD9-A3FA-ED4C2232D71A} = {0A732D5B-A769-49BF-AF94-22705689A01B}
		{0F167430-CF76-4D0E-99A1-AEA3374D71F3} = {0A732D5B-A769-49BF-AF94-22705689A01B}
		{6D66FC0C-4A55-4ABC-AB7B-45A3B54171A7} = {0A732D5B-A769-49BF-AF94-22705689A01B}
		{A6700A3D-2FD3-4E24-94FD-788768FF2FBA} = {1131819F-A1D0-42A3-AF34-67E09287F140}
	EndGlobalSection
	GlobalSection(ExtensibilityGlobals) = postSolution
		SolutionGuid = {9671D1D1-54E3-47B7-9833-30F255DA9B66}
	EndGlobalSection
EndGlobal
